<?xml version="1.0" encoding="UTF-8" standalone="yes" ?>
<CodeBlocks_project_file>
	<FileVersion major="1" minor="6" />
	<Project>
		<Option title="fluid_fun" />
		<Option pch_mode="2" />
		<Option compiler="gcc" />
		<Build>
			<Target title="Debug">
				<Option output="bin/Debug/fluid_fun" prefix_auto="1" extension_auto="1" />
				<Option object_output="obj/Debug/" />
				<Option type="1" />
				<Option compiler="gcc" />
				<Compiler>
					<Add option="-g" />
				</Compiler>
			</Target>
			<Target title="Release">
				<Option output="bin/Release/fluid_fun" prefix_auto="1" extension_auto="1" />
				<Option object_output="obj/Release/" />
				<Option type="1" />
				<Option compiler="gcc" />
				<Compiler>
					<Add option="-O2" />
				</Compiler>
				<Linker>
					<Add option="-s" />
				</Linker>
			</Target>
			<Target title="GPU-Profile">
				<Option output="bin/GPU-Profile/fluid_fun" prefix_auto="1" extension_auto="1" />
				<Option object_output="obj/GPU-Profile/" />
				<Option type="1" />
				<Option compiler="gcc" />
				<Compiler>
					<Add option="-O2" />
					<Add option="-DGPU_PROFILE" />
				</Compiler>
				<Linker>
					<Add option="-s" />
				</Linker>
			</Target>
			<Target title="Profile+GPU">
				<Option output="bin/Profile/fluid_fun" prefix_auto="1" extension_auto="1" />
				<Option object_output="obj/profile/" />
				<Option type="1" />
				<Option compiler="gcc" />
				<Compiler>
					<Add option="-pg" />
					<Add option="-g" />
					<Add option="-Og" />
					<Add option="-DGPU_PROFILE" />
				</Compiler>
				<Linker>
					<Add option="-pg -lgmon" />
				</Linker>
			</Target>
		</Build>
		<Compiler>
			<Add option="-Wall" />
			<Add option="-fexceptions" />
			<Add option="-Wno-narrowing" />
			<Add option="-Wno-deprecated-declarations" />
			<Add directory="C:/Users/James/Desktop/projects/fluid_fun/deps" />
		</Compiler>
		<Linker>
			<Add option="-lmingw32" />
			<Add option="-limgui" />
			<Add option="-lsfml-graphics" />
			<Add option="-lsfml-audio" />
			<Add option="-lsfml-network" />
			<Add option="-lsfml-window" />
			<Add option="-lsfml-system" />
			<Add option="-lfreetype" />
			<Add option="-lopengl32" />
			<Add option="-lws2_32" />
			<Add option="-lflac" />
			<Add option="-lopenal32" />
			<Add option="-logg" />
			<Add option="-lopencl" />
			<Add option="-lBulletDynamics" />
			<Add option="-lBulletCollision" />
			<Add option="-lLinearMath" />
			<Add option="-lBullet3OpenCL_clew" />
			<Add option="-lbullet3collision" />
			<Add option="-lbullet3common" />
			<Add option="-lbullet3dynamics" />
			<Add option="-lbullet3geometry" />
		</Linker>
		<Unit filename="Shaders/cull.fglsl" />
		<Unit filename="Shaders/cull.vglsl" />
		<Unit filename="deps/ocl/logging.cpp" />
		<Unit filename="deps/ocl/logging.hpp" />
		<Unit filename="deps/ocl/ocl.cpp" />
		<Unit filename="deps/ocl/ocl.hpp" />
		<Unit filename="fluid.cl" />
		<Unit filename="fluid.hpp" />
		<Unit filename="lighting.hpp" />
		<Unit filename="main.cpp" />
		<Unit filename="physics.cpp" />
		<Unit filename="physics.hpp" />
		<Unit filename="physics_gpu.cpp" />
		<Unit filename="physics_gpu.hpp" />
		<Extensions>
			<code_completion />
			<envvars />
			<debugger />
		</Extensions>
	</Project>
</CodeBlocks_project_file>
